
Microsoft Visual Studio Solution File, Format Version 12.00
Project("{FAE04EC0-301F-11D3-BF4B-00C04F79EFBC}") = "Elevator", "Elevator\Elevator.csproj", "{B3904651-D3C3-44D4-B084-84F3A78EADD2}"
EndProject
Project("{FAE04EC0-301F-11D3-BF4B-00C04F79EFBC}") = "Tests", "Tests\Tests.csproj", "{8B915D19-8F30-49A6-8702-E3BACA4F3B6A}"
EndProject
Global
	GlobalSection(SolutionConfigurationPlatforms) = preSolution
		Debug|Any CPU = Debug|Any CPU
		Release|Any CPU = Release|Any CPU
	EndGlobalSection
	GlobalSection(ProjectConfigurationPlatforms) = postSolution
		{B3904651-D3C3-44D4-B084-84F3A78EADD2}.Debug|Any CPU.ActiveCfg = Debug|Any CPU
		{B3904651-D3C3-44D4-B084-84F3A78EADD2}.Debug|Any CPU.Build.0 = Debug|Any CPU
		{B3904651-D3C3-44D4-B084-84F3A78EADD2}.Release|Any CPU.ActiveCfg = Release|Any CPU
		{B3904651-D3C3-44D4-B084-84F3A78EADD2}.Release|Any CPU.Build.0 = Release|Any CPU
		{8B915D19-8F30-49A6-8702-E3BACA4F3B6A}.Debug|Any CPU.ActiveCfg = Debug|Any CPU
		{8B915D19-8F30-49A6-8702-E3BACA4F3B6A}.Debug|Any CPU.Build.0 = Debug|Any CPU
		{8B915D19-8F30-49A6-8702-E3BACA4F3B6A}.Release|Any CPU.ActiveCfg = Release|Any CPU
		{8B915D19-8F30-49A6-8702-E3BACA4F3B6A}.Release|Any CPU.Build.0 = Release|Any CPU
	EndGlobalSection
EndGlobal
